
Microsoft Visual Studio Solution File, Format Version 12.00
# Visual Studio 15
Project("{FAE04EC0-301F-11D3-BF4B-00C04F79EFBC}") = "Assembly-CSharp", "Assembly-CSharp.csproj", "{CC4D4E30-8631-1530-7FA5-A3B4722A85BB}"
EndProject
Project("{FAE04EC0-301F-11D3-BF4B-00C04F79EFBC}") = "Assembly-CSharp-Editor", "Assembly-CSharp-Editor.csproj", "{F253211F-6192-234B-94EB-9A18BEA82B5C}"
EndProject
Global
	GlobalSection(SolutionConfigurationPlatforms) = preSolution
		Debug|Any CPU = Debug|Any CPU
		Release|Any CPU = Release|Any CPU
	EndGlobalSection
	GlobalSection(ProjectConfigurationPlatforms) = postSolution
		{CC4D4E30-8631-1530-7FA5-A3B4722A85BB}.Debug|Any CPU.ActiveCfg = Debug|Any CPU
		{CC4D4E30-8631-1530-7FA5-A3B4722A85BB}.Debug|Any CPU.Build.0 = Debug|Any CPU
		{CC4D4E30-8631-1530-7FA5-A3B4722A85BB}.Release|Any CPU.ActiveCfg = Release|Any CPU
		{CC4D4E30-8631-1530-7FA5-A3B4722A85BB}.Release|Any CPU.Build.0 = Release|Any CPU
		{F253211F-6192-234B-94EB-9A18BEA82B5C}.Debug|Any CPU.ActiveCfg = Debug|Any CPU
		{F253211F-6192-234B-94EB-9A18BEA82B5C}.Debug|Any CPU.Build.0 = Debug|Any CPU
		{F253211F-6192-234B-94EB-9A18BEA82B5C}.Release|Any CPU.ActiveCfg = Release|Any CPU
		{F253211F-6192-234B-94EB-9A18BEA82B5C}.Release|Any CPU.Build.0 = Release|Any CPU
	EndGlobalSection
	GlobalSection(SolutionProperties) = preSolution
		HideSolutionNode = FALSE
	EndGlobalSection
EndGlobal
